
Microsoft Visual Studio Solution File, Format Version 12.00
# Visual Studio Version 16
VisualStudioVersion = 16.0.30611.23
MinimumVisualStudioVersion = 10.0.40219.1
Project("{FAE04EC0-301F-11D3-BF4B-00C04F79EFBC}") = "finalproje", "finalproje\finalproje.csproj", "{89F466C2-A2D9-4011-BC5D-AD1454876766}"
EndProject
Global
	GlobalSection(SolutionConfigurationPlatforms) = preSolution
		Debug|Any CPU = Debug|Any CPU
		Release|Any CPU = Release|Any CPU
	EndGlobalSection
	GlobalSection(ProjectConfigurationPlatforms) = postSolution
		{89F466C2-A2D9-4011-BC5D-AD1454876766}.Debug|Any CPU.ActiveCfg = Debug|Any CPU
		{89F466C2-A2D9-4011-BC5D-AD1454876766}.Debug|Any CPU.Build.0 = Debug|Any CPU
		{89F466C2-A2D9-4011-BC5D-AD1454876766}.Release|Any CPU.ActiveCfg = Release|Any CPU
		{89F466C2-A2D9-4011-BC5D-AD1454876766}.Release|Any CPU.Build.0 = Release|Any CPU
	EndGlobalSection
	GlobalSection(SolutionProperties) = preSolution
		HideSolutionNode = FALSE
	EndGlobalSection
	GlobalSection(ExtensibilityGlobals) = postSolution
		SolutionGuid = {A258D3A4-60D8-440D-81C5-72A2305C4BB6}
	EndGlobalSection
EndGlobal
