
Microsoft Visual Studio Solution File, Format Version 12.00
# Visual Studio Version 16
VisualStudioVersion = 16.0.30611.23
MinimumVisualStudioVersion = 10.0.40219.1
Project("{FAE04EC0-301F-11D3-BF4B-00C04F79EFBC}") = "Hangi mevsimde olduğunuzu söyleyen program", "Hangi mevsimde olduğunuzu söyleyen program\Hangi mevsimde olduğunuzu söyleyen program.csproj", "{6B1A2D36-1052-4917-9880-40B4C7F95DB6}"
EndProject
Global
	GlobalSection(SolutionConfigurationPlatforms) = preSolution
		Debug|Any CPU = Debug|Any CPU
		Release|Any CPU = Release|Any CPU
	EndGlobalSection
	GlobalSection(ProjectConfigurationPlatforms) = postSolution
		{6B1A2D36-1052-4917-9880-40B4C7F95DB6}.Debug|Any CPU.ActiveCfg = Debug|Any CPU
		{6B1A2D36-1052-4917-9880-40B4C7F95DB6}.Debug|Any CPU.Build.0 = Debug|Any CPU
		{6B1A2D36-1052-4917-9880-40B4C7F95DB6}.Release|Any CPU.ActiveCfg = Release|Any CPU
		{6B1A2D36-1052-4917-9880-40B4C7F95DB6}.Release|Any CPU.Build.0 = Release|Any CPU
	EndGlobalSection
	GlobalSection(SolutionProperties) = preSolution
		HideSolutionNode = FALSE
	EndGlobalSection
	GlobalSection(ExtensibilityGlobals) = postSolution
		SolutionGuid = {6D6C3687-D53E-445D-B0AE-8FEEA7ECDBA0}
	EndGlobalSection
EndGlobal
