
Microsoft Visual Studio Solution File, Format Version 12.00
# Visual Studio Version 16
VisualStudioVersion = 16.0.30517.126
MinimumVisualStudioVersion = 10.0.40219.1
Project("{FAE04EC0-301F-11D3-BF4B-00C04F79EFBC}") = "Matematikproblemleri", "Matematikproblemleri\Matematikproblemleri.csproj", "{46BABB49-CD04-4F01-A508-A30A36D0FCFF}"
EndProject
Global
	GlobalSection(SolutionConfigurationPlatforms) = preSolution
		Debug|Any CPU = Debug|Any CPU
		Release|Any CPU = Release|Any CPU
	EndGlobalSection
	GlobalSection(ProjectConfigurationPlatforms) = postSolution
		{46BABB49-CD04-4F01-A508-A30A36D0FCFF}.Debug|Any CPU.ActiveCfg = Debug|Any CPU
		{46BABB49-CD04-4F01-A508-A30A36D0FCFF}.Debug|Any CPU.Build.0 = Debug|Any CPU
		{46BABB49-CD04-4F01-A508-A30A36D0FCFF}.Release|Any CPU.ActiveCfg = Release|Any CPU
		{46BABB49-CD04-4F01-A508-A30A36D0FCFF}.Release|Any CPU.Build.0 = Release|Any CPU
	EndGlobalSection
	GlobalSection(SolutionProperties) = preSolution
		HideSolutionNode = FALSE
	EndGlobalSection
	GlobalSection(ExtensibilityGlobals) = postSolution
		SolutionGuid = {F9B5021A-9AE0-4CC5-82F1-77E3E2463DB7}
	EndGlobalSection
EndGlobal
